{
    "_meta": {
        "hash": {
            "sha256": "98b35dc212ab7024deaace415bd873da03b8937b1e918a6ff12a589743aff072"
        },
        "pipfile-spec": 6,
        "requires": {},
        "sources": [
            {
                "name": "pypi",
                "url": "https://pypi.org/simple",
                "verify_ssl": true
            }
        ]
    },
    "default": {
        "amqp": {
            "hashes": [
                "sha256:03e16e94f2b34c31f8bf1206d8ddd3ccaa4c315f7f6a1879b7b1210d229568c2",
                "sha256:493a2ac6788ce270a2f6a765b017299f60c1998f5a8617908ee9be082f7300fb"
            ],
            "markers": "python_version >= '3.6'",
            "version": "==5.0.6"
        },
        "billiard": {
            "hashes": [
                "sha256:299de5a8da28a783d51b197d496bef4f1595dd023a93a4f59dde1886ae905547",
                "sha256:87103ea78fa6ab4d5c751c4909bcff74617d985de7fa8b672cf8618afd5a875b"
            ],
            "version": "==3.6.4.0"
        },
        "celery": {
            "hashes": [
                "sha256:8d9a3de9162965e97f8e8cc584c67aad83b3f7a267584fa47701ed11c3e0d4b0",
                "sha256:9dab2170b4038f7bf10ef2861dbf486ddf1d20592290a1040f7b7a1259705d42"
            ],
            "markers": "python_version >= '3.6'",
            "version": "==5.1.2"
        },
        "celery-farmer": {
            "editable": true,
            "path": "."
        },
        "click": {
            "hashes": [
                "sha256:d2b5255c7c6349bc1bd1e59e08cd12acbbd63ce649f2588755783aa94dfb6b1a",
                "sha256:dacca89f4bfadd5de3d7489b7c8a566eee0d3676333fbb50030263894c38c0dc"
            ],
            "markers": "python_version >= '2.7' and python_version not in '3.0, 3.1, 3.2, 3.3, 3.4'",
            "version": "==7.1.2"
        },
        "click-didyoumean": {
            "hashes": [
                "sha256:a0713dc7a1de3f06bc0df5a9567ad19ead2d3d5689b434768a6145bff77c0667",
                "sha256:f184f0d851d96b6d29297354ed981b7dd71df7ff500d82fa6d11f0856bee8035"
            ],
            "markers": "python_full_version >= '3.6.2' and python_full_version < '4.0.0'",
            "version": "==0.3.0"
        },
        "click-plugins": {
            "hashes": [
                "sha256:46ab999744a9d831159c3411bb0c79346d94a444df9a3a3742e9ed63645f264b",
                "sha256:5d262006d3222f5057fd81e1623d4443e41dcda5dc815c06b442aa3c02889fc8"
            ],
            "version": "==1.1.1"
        },
        "click-repl": {
            "hashes": [
                "sha256:94b3fbbc9406a236f176e0506524b2937e4b23b6f4c0c0b2a0a83f8a64e9194b",
                "sha256:cd12f68d745bf6151210790540b4cb064c7b13e571bc64b6957d98d120dacfd8"
            ],
            "version": "==0.2.0"
        },
        "kombu": {
            "hashes": [
                "sha256:01481d99f4606f6939cdc9b637264ed353ee9e3e4f62cfb582324142c41a572d",
                "sha256:e2dedd8a86c9077c350555153825a31e456a0dc20c15d5751f00137ec9c75f0a"
            ],
            "markers": "python_version >= '3.6'",
            "version": "==5.1.0"
        },
        "prompt-toolkit": {
            "hashes": [
                "sha256:6076e46efae19b1e0ca1ec003ed37a933dc94b4d20f486235d436e64771dcd5c",
                "sha256:eb71d5a6b72ce6db177af4a7d4d7085b99756bf656d98ffcc4fecd36850eea6c"
            ],
            "markers": "python_full_version >= '3.6.2'",
            "version": "==3.0.20"
        },
        "pytest-runner": {
            "hashes": [
                "sha256:0fce5b8dc68760f353979d99fdd6b3ad46330b6b1837e2077a89ebcf204aac91",
                "sha256:85f93af814438ee322b4ea08fe3f5c2ad53b253577f3bd84b2ad451fee450ac5"
            ],
            "markers": "python_version >= '3.6'",
            "version": "==5.3.1"
        },
        "pytz": {
            "hashes": [
                "sha256:3672058bc3453457b622aab7a1c3bfd5ab0bdae451512f6cf25f64ed37f5b87c",
                "sha256:acad2d8b20a1af07d4e4c9d2e9285c5ed9104354062f275f3fcd88dcef4f1326"
            ],
            "version": "==2021.3"
        },
        "redis": {
            "hashes": [
                "sha256:0e7e0cfca8660dea8b7d5cd8c4f6c5e29e11f31158c0b0ae91a397f00e5a05a2",
                "sha256:432b788c4530cfe16d8d943a09d40ca6c16149727e4afe8c2c9d5580c59d9f24"
            ],
            "markers": "python_version >= '2.7' and python_version not in '3.0, 3.1, 3.2, 3.3, 3.4'",
            "version": "==3.5.3"
        },
        "six": {
            "hashes": [
                "sha256:1e61c37477a1626458e36f7b1d82aa5c9b094fa4802892072e49de9c60c4c926",
                "sha256:8abb2f1d86890a2dfb989f9a77cfcfd3e47c2a354b01111771326f8aa26e0254"
            ],
            "markers": "python_version >= '2.7' and python_version not in '3.0, 3.1, 3.2, 3.3'",
            "version": "==1.16.0"
        },
        "statsd": {
            "hashes": [
                "sha256:c610fb80347fca0ef62666d241bce64184bd7cc1efe582f9690e045c25535eaa",
                "sha256:e3e6db4c246f7c59003e51c9720a51a7f39a396541cb9b147ff4b14d15b5dd1f"
            ],
            "version": "==3.3.0"
        },
        "vine": {
            "hashes": [
                "sha256:4c9dceab6f76ed92105027c49c823800dd33cacce13bdedc5b914e3514b7fb30",
                "sha256:7d3b1624a953da82ef63462013bbd271d3eb75751489f9807598e8f340bd637e"
            ],
            "markers": "python_version >= '3.6'",
            "version": "==5.0.0"
        },
        "wcwidth": {
            "hashes": [
                "sha256:beb4802a9cebb9144e99086eff703a642a13d6a0052920003a230f3294bbe784",
                "sha256:c4d647b99872929fdb7bdcaa4fbe7f01413ed3d98077df798530e5b04f116c83"
            ],
            "version": "==0.2.5"
        }
    },
    "develop": {
        "attrs": {
            "hashes": [
                "sha256:149e90d6d8ac20db7a955ad60cf0e6881a3f20d37096140088356da6c716b0b1",
                "sha256:ef6aaac3ca6cd92904cdd0d83f629a15f18053ec84e6432106f7a4d04ae4f5fb"
            ],
            "markers": "python_version >= '2.7' and python_version not in '3.0, 3.1, 3.2, 3.3, 3.4'",
            "version": "==21.2.0"
        },
        "backports.entry-points-selectable": {
            "hashes": [
                "sha256:988468260ec1c196dab6ae1149260e2f5472c9110334e5d51adcb77867361f6a",
                "sha256:a6d9a871cde5e15b4c4a53e3d43ba890cc6861ec1332c9c2428c92f977192acc"
            ],
            "markers": "python_version >= '2.7'",
            "version": "==1.1.0"
        },
        "coverage": {
            "extras": [
                "toml"
            ],
            "hashes": [
                "sha256:07efe1fbd72e67df026ad5109bcd216acbbd4a29d5208b3dab61779bae6b7b26",
                "sha256:0898d6948b31df13391cd40568de8f35fa5901bc922c5ae05cf070587cb9c666",
                "sha256:0a7e55cc9f7efa22d5cc9966276ec7a40a8803676f6ccbfdc06a486fba9aa9ee",
                "sha256:17426808e8e0824f864876312d41961223bf5e503bf8f1f846735279a60ea345",
                "sha256:1770d24f45f1f2daeae34cfa3b33fcb29702153544cd2ad40d58399dd4ff53b5",
                "sha256:1864bdf9b2ccb43e724051bc23a1c558daf101ad4488ede1945f2a8be1facdad",
                "sha256:2c5f39d1556e75fc3c4fb071f9e7cfa618895a999a0de763a541d730775d0d5f",
                "sha256:3490ff6dbf3f7accf0750136ed60ae1f487bccc1f097740e3b21262bc9c89854",
                "sha256:353a50f123f0185cdb7a1e1e3e2cfb9d1fd7e293cfaf68eedaf5bd8e02e3ec32",
                "sha256:3edbb3ec580c73e5a264f5d04f30245bc98eff1a26765d46c5c65134f0a0e2f7",
                "sha256:4eb9cd910ca8e243f930243a9940ea1a522e32435d15668445753d087c30ee12",
                "sha256:5b06f4f1729e2963281d9cd6e65e6976bf27b44d4c07ac5b47223ce45f822cec",
                "sha256:5b1ceacb86e0a9558061dcc6baae865ed25933ea57effea644f21657cdce19bc",
                "sha256:65da6e3e8325291f012921bbf71fea0a97824e1c573981871096aac6e2cf0ec5",
                "sha256:66fe33e9e0df58675e08e83fe257f89e7f625e7633ea93d0872154e09cce2724",
                "sha256:6873f3f954d3e3ab8b1881f4e5307cc19f70c9f931c41048d9f7e6fd946eabe7",
                "sha256:73880a80fad0597eca43e213e5e1711bf6c0fcdb7eb6b01b3b17841ebe5a7f8d",
                "sha256:7600fac458f74c68b097379f76f3a6e3a630493fc7fc94b6508fedd9d498c194",
                "sha256:83682b73785d2e078e0b5f63410b8125b122e1a22422640c57edd4011c950f3e",
                "sha256:83faa3692e8306b20293889714fdf573d10ef5efc5843bd7c7aea6971487bd6a",
                "sha256:9c416ba03844608f45661a5b48dc59c6b5e89956efe388564dd138ca8caf540b",
                "sha256:9d242a2434801ef5125330deddb4cddba8990c9a49b3dec99dca17dd7eefba5a",
                "sha256:a2e15ab5afbee34abf716fece80ea33ea09a82e7450512f022723b1a82ec9a4e",
                "sha256:abe8207dfb8a61ded9cd830d26c1073c8218fc0ae17eb899cfe8ec0fafae6e22",
                "sha256:ad7182a82843f9f85487f44567c8c688f16c906bdb8d0e44ae462aed61cb8f1b",
                "sha256:b45f89a8ef65c29195f8f28dbe215f44ccb29d934f3e862d2a5c12e38698a793",
                "sha256:b81a4e667c45b13658b84f9b8f1d32ef86d5405fabcbd181b76b9e51d295f397",
                "sha256:c9c413c4397d4cdc7ca89286158d240ce524f9667b52c9a64dd7e13d16cf8815",
                "sha256:e11cca9eb5c9b3eaad899728ee2ce916138399ee8cbbccaadc1871fecb750827",
                "sha256:e66c50f0ab445fec920a9f084914ea1776a809e3016c3738519048195f851bbb",
                "sha256:ea452a2d83964d08232ade470091015e7ab9b8f53acbec10f2210fbab4ce7e43",
                "sha256:f398d38e6ebc2637863db1d7be3d4f9c5174e7d24bb3b0716cdb1f204669cbcf",
                "sha256:f82a17f2a77958f3eef40ad385fc82d4c6ba9a77a51a174efe03ce75daebbc16"
            ],
            "markers": "python_version >= '3.6'",
            "version": "==6.0.1"
        },
        "distlib": {
            "hashes": [
                "sha256:c8b54e8454e5bf6237cc84c20e8264c3e991e824ef27e8f1e81049867d861e31",
                "sha256:d982d0751ff6eaaab5e2ec8e691d949ee80eddf01a62eaa96ddb11531fe16b05"
            ],
            "version": "==0.3.3"
        },
        "filelock": {
            "hashes": [
                "sha256:8c7eab13dc442dc249e95158bcc12dec724465919bdc9831fdbf0660f03d1785",
                "sha256:bbc6a0382fe8ec4744ecdf6683a2e07f65eb10ff1aff53fc02a202565446cde0"
            ],
            "markers": "python_version >= '3.6'",
            "version": "==3.3.0"
        },
        "flake8": {
            "hashes": [
                "sha256:07528381786f2a6237b061f6e96610a4167b226cb926e2aa2b6b1d78057c576b",
                "sha256:bf8fd333346d844f616e8d47905ef3a3384edae6b4e9beb0c5101e25e3110907"
            ],
            "index": "pypi",
            "version": "==3.9.2"
        },
        "flake8-polyfill": {
            "hashes": [
                "sha256:12be6a34ee3ab795b19ca73505e7b55826d5f6ad7230d31b18e106400169b9e9",
                "sha256:e44b087597f6da52ec6393a709e7108b2905317d0c0b744cdca6208e670d8eda"
            ],
            "version": "==1.0.2"
        },
        "iniconfig": {
            "hashes": [
                "sha256:011e24c64b7f47f6ebd835bb12a743f2fbe9a26d4cecaa7f53bc4f35ee9da8b3",
                "sha256:bc3af051d7d14b2ee5ef9969666def0cd1a000e121eaea580d4a313df4b37f32"
            ],
            "version": "==1.1.1"
        },
        "mccabe": {
            "hashes": [
                "sha256:ab8a6258860da4b6677da4bd2fe5dc2c659cff31b3ee4f7f5d64e79735b80d42",
                "sha256:dd8d182285a0fe56bace7f45b5e7d1a6ebcbf524e8f3bd87eb0f125271b8831f"
            ],
            "version": "==0.6.1"
        },
        "mypy": {
            "hashes": [
                "sha256:088cd9c7904b4ad80bec811053272986611b84221835e079be5bcad029e79dd9",
                "sha256:0aadfb2d3935988ec3815952e44058a3100499f5be5b28c34ac9d79f002a4a9a",
                "sha256:119bed3832d961f3a880787bf621634ba042cb8dc850a7429f643508eeac97b9",
                "sha256:1a85e280d4d217150ce8cb1a6dddffd14e753a4e0c3cf90baabb32cefa41b59e",
                "sha256:3c4b8ca36877fc75339253721f69603a9c7fdb5d4d5a95a1a1b899d8b86a4de2",
                "sha256:3e382b29f8e0ccf19a2df2b29a167591245df90c0b5a2542249873b5c1d78212",
                "sha256:42c266ced41b65ed40a282c575705325fa7991af370036d3f134518336636f5b",
                "sha256:53fd2eb27a8ee2892614370896956af2ff61254c275aaee4c230ae771cadd885",
                "sha256:704098302473cb31a218f1775a873b376b30b4c18229421e9e9dc8916fd16150",
                "sha256:7df1ead20c81371ccd6091fa3e2878559b5c4d4caadaf1a484cf88d93ca06703",
                "sha256:866c41f28cee548475f146aa4d39a51cf3b6a84246969f3759cb3e9c742fc072",
                "sha256:a155d80ea6cee511a3694b108c4494a39f42de11ee4e61e72bc424c490e46457",
                "sha256:adaeee09bfde366d2c13fe6093a7df5df83c9a2ba98638c7d76b010694db760e",
                "sha256:b6fb13123aeef4a3abbcfd7e71773ff3ff1526a7d3dc538f3929a49b42be03f0",
                "sha256:b94e4b785e304a04ea0828759172a15add27088520dc7e49ceade7834275bedb",
                "sha256:c0df2d30ed496a08de5daed2a9ea807d07c21ae0ab23acf541ab88c24b26ab97",
                "sha256:c6c2602dffb74867498f86e6129fd52a2770c48b7cd3ece77ada4fa38f94eba8",
                "sha256:ceb6e0a6e27fb364fb3853389607cf7eb3a126ad335790fa1e14ed02fba50811",
                "sha256:d9dd839eb0dc1bbe866a288ba3c1afc33a202015d2ad83b31e875b5905a079b6",
                "sha256:e4dab234478e3bd3ce83bac4193b2ecd9cf94e720ddd95ce69840273bf44f6de",
                "sha256:ec4e0cd079db280b6bdabdc807047ff3e199f334050db5cbb91ba3e959a67504",
                "sha256:ecd2c3fe726758037234c93df7e98deb257fd15c24c9180dacf1ef829da5f921",
                "sha256:ef565033fa5a958e62796867b1df10c40263ea9ded87164d67572834e57a174d"
            ],
            "index": "pypi",
            "version": "==0.910"
        },
        "mypy-extensions": {
            "hashes": [
                "sha256:090fedd75945a69ae91ce1303b5824f428daf5a028d2f6ab8a299250a846f15d",
                "sha256:2d82818f5bb3e369420cb3c4060a7970edba416647068eb4c5343488a6c604a8"
            ],
            "version": "==0.4.3"
        },
        "packaging": {
            "hashes": [
                "sha256:7dc96269f53a4ccec5c0670940a4281106dd0bb343f47b7471f779df49c2fbe7",
                "sha256:c86254f9220d55e31cc94d69bade760f0847da8000def4dfe1c6b872fd14ff14"
            ],
            "markers": "python_version >= '3.6'",
            "version": "==21.0"
        },
        "pep8-naming": {
            "hashes": [
                "sha256:4a8daeaeb33cfcde779309fc0c9c0a68a3bbe2ad8a8308b763c5068f86eb9f37",
                "sha256:bb2455947757d162aa4cad55dba4ce029005cd1692f2899a21d51d8630ca7841"
            ],
            "index": "pypi",
            "version": "==0.12.1"
        },
        "platformdirs": {
            "hashes": [
                "sha256:367a5e80b3d04d2428ffa76d33f124cf11e8fff2acdaa9b43d545f5c7d661ef2",
                "sha256:8868bbe3c3c80d42f20156f22e7131d2fb321f5bc86a2a345375c6481a67021d"
            ],
            "markers": "python_version >= '3.6'",
            "version": "==2.4.0"
        },
        "pluggy": {
            "hashes": [
                "sha256:4224373bacce55f955a878bf9cfa763c1e360858e330072059e10bad68531159",
                "sha256:74134bbf457f031a36d68416e1509f34bd5ccc019f0bcc952c7b909d06b37bd3"
            ],
            "markers": "python_version >= '3.6'",
            "version": "==1.0.0"
        },
        "py": {
            "hashes": [
                "sha256:21b81bda15b66ef5e1a777a21c4dcd9c20ad3efd0b3f817e7a809035269e1bd3",
                "sha256:3b80836aa6d1feeaa108e046da6423ab8f6ceda6468545ae8d02d9d58d18818a"
            ],
            "markers": "python_version >= '2.7' and python_version not in '3.0, 3.1, 3.2, 3.3'",
            "version": "==1.10.0"
        },
        "pycodestyle": {
            "hashes": [
                "sha256:514f76d918fcc0b55c6680472f0a37970994e07bbb80725808c17089be302068",
                "sha256:c389c1d06bf7904078ca03399a4816f974a1d590090fecea0c63ec26ebaf1cef"
            ],
            "markers": "python_version >= '2.7' and python_version not in '3.0, 3.1, 3.2, 3.3'",
            "version": "==2.7.0"
        },
        "pyflakes": {
            "hashes": [
                "sha256:7893783d01b8a89811dd72d7dfd4d84ff098e5eed95cfa8905b22bbffe52efc3",
                "sha256:f5bc8ecabc05bb9d291eb5203d6810b49040f6ff446a756326104746cc00c1db"
            ],
            "markers": "python_version >= '2.7' and python_version not in '3.0, 3.1, 3.2, 3.3'",
            "version": "==2.3.1"
        },
        "pyparsing": {
            "hashes": [
                "sha256:c203ec8783bf771a155b207279b9bccb8dea02d8f0c9e5f8ead507bc3246ecc1",
                "sha256:ef9d7589ef3c200abe66653d3f1ab1033c3c419ae9b9bdb1240a85b024efc88b"
            ],
            "markers": "python_version >= '2.6' and python_version not in '3.0, 3.1, 3.2, 3.3'",
            "version": "==2.4.7"
        },
        "pytest": {
            "hashes": [
                "sha256:131b36680866a76e6781d13f101efb86cf674ebb9762eb70d3082b6f29889e89",
                "sha256:7310f8d27bc79ced999e760ca304d69f6ba6c6649c0b60fb0e04a4a77cacc134"
            ],
            "index": "pypi",
            "version": "==6.2.5"
        },
        "pytest-cov": {
            "hashes": [
                "sha256:578d5d15ac4a25e5f961c938b85a05b09fdaae9deef3bb6de9a6e766622ca7a6",
                "sha256:e7f0f5b1617d2210a2cabc266dfe2f4c75a8d32fb89eafb7ad9d06f6d076d470"
            ],
            "index": "pypi",
            "version": "==3.0.0"
        },
        "six": {
            "hashes": [
                "sha256:1e61c37477a1626458e36f7b1d82aa5c9b094fa4802892072e49de9c60c4c926",
                "sha256:8abb2f1d86890a2dfb989f9a77cfcfd3e47c2a354b01111771326f8aa26e0254"
            ],
            "markers": "python_version >= '2.7' and python_version not in '3.0, 3.1, 3.2, 3.3'",
            "version": "==1.16.0"
        },
        "toml": {
            "hashes": [
                "sha256:806143ae5bfb6a3c6e736a764057db0e6a0e05e338b5630894a5f779cabb4f9b",
                "sha256:b3bda1d108d5dd99f4a20d24d9c348e91c4db7ab1b749200bded2f839ccbe68f"
            ],
            "markers": "python_version >= '2.6' and python_version not in '3.0, 3.1, 3.2, 3.3'",
            "version": "==0.10.2"
        },
        "tomli": {
            "hashes": [
                "sha256:8dd0e9524d6f386271a36b41dbf6c57d8e32fd96fd22b6584679dc569d20899f",
                "sha256:a5b75cb6f3968abb47af1b40c1819dc519ea82bcc065776a866e8d74c5ca9442"
            ],
            "version": "==1.2.1"
        },
        "tox": {
            "hashes": [
                "sha256:5e274227a53dc9ef856767c21867377ba395992549f02ce55eb549f9fb9a8d10",
                "sha256:c30b57fa2477f1fb7c36aa1d83292d5c2336cd0018119e1b1c17340e2c2708ca"
            ],
            "index": "pypi",
            "version": "==3.24.4"
        },
        "types-redis": {
            "hashes": [
                "sha256:5f5648ffc025708858097173cf695164c20f2b5e3f57177de14e352cae8cc335",
                "sha256:f142c48f4080757ca2a9441ec40213bda3b1535eebebfc4f3519e5aa46498076"
            ],
            "index": "pypi",
            "version": "==3.5.9"
        },
        "typing-extensions": {
            "hashes": [
                "sha256:49f75d16ff11f1cd258e1b988ccff82a3ca5570217d7ad8c5f48205dd99a677e",
                "sha256:d8226d10bc02a29bcc81df19a26e56a9647f8b0a6d4a83924139f4a8b01f17b7",
                "sha256:f1d25edafde516b146ecd0613dabcc61409817af4766fbbcfb8d1ad4ec441a34"
            ],
            "version": "==3.10.0.2"
        },
        "virtualenv": {
            "hashes": [
                "sha256:10062e34c204b5e4ec5f62e6ef2473f8ba76513a9a617e873f1f8fb4a519d300",
                "sha256:bcc17f0b3a29670dd777d6f0755a4c04f28815395bca279cdcb213b97199a6b8"
            ],
            "markers": "python_version >= '2.7' and python_version not in '3.0, 3.1, 3.2, 3.3, 3.4'",
            "version": "==20.8.1"
        }
    }
}
